// !$*UTF8*$!
{
	archiveVersion = 1;
	classes = {
	};
	objectVersion = 50;
	objects = {

/* Begin PBXBuildFile section */
		2353B166233C215A008ADEF7 /* AppDelegate.swift in Sources */ = {isa = PBXBuildFile; fileRef = 2353B165233C215A008ADEF7 /* AppDelegate.swift */; };
		2353B168233C215A008ADEF7 /* ViewController.swift in Sources */ = {isa = PBXBuildFile; fileRef = 2353B167233C215A008ADEF7 /* ViewController.swift */; };
		2353B16B233C215A008ADEF7 /* Main.storyboard in Resources */ = {isa = PBXBuildFile; fileRef = 2353B169233C215A008ADEF7 /* Main.storyboard */; };
		2353B16D233C215B008ADEF7 /* Assets.xcassets in Resources */ = {isa = PBXBuildFile; fileRef = 2353B16C233C215B008ADEF7 /* Assets.xcassets */; };
		2353B170233C215B008ADEF7 /* LaunchScreen.storyboard in Resources */ = {isa = PBXBuildFile; fileRef = 2353B16E233C215B008ADEF7 /* LaunchScreen.storyboard */; };
		2353B178233C3452008ADEF7 /* Daehan_TableViewController.swift in Sources */ = {isa = PBXBuildFile; fileRef = 2353B177233C3452008ADEF7 /* Daehan_TableViewController.swift */; };
		2353B17A233C37CC008ADEF7 /* Daehan_TableViewCell.swift in Sources */ = {isa = PBXBuildFile; fileRef = 2353B179233C37CC008ADEF7 /* Daehan_TableViewCell.swift */; };
		23B913A8234E9B4500F07334 /* Daehan_GameModel.swift in Sources */ = {isa = PBXBuildFile; fileRef = 23B913A7234E9B4500F07334 /* Daehan_GameModel.swift */; };
		23B913AA234E9E3900F07334 /* Daehan_GameViewController.swift in Sources */ = {isa = PBXBuildFile; fileRef = 23B913A9234E9E3900F07334 /* Daehan_GameViewController.swift */; };
/* End PBXBuildFile section */

/* Begin PBXFileReference section */
		2353B162233C215A008ADEF7 /* Daehan_Hong_Red_TicTacToe.app */ = {isa = PBXFileReference; explicitFileType = wrapper.application; includeInIndex = 0; path = Daehan_Hong_Red_TicTacToe.app; sourceTree = BUILT_PRODUCTS_DIR; };
		2353B165233C215A008ADEF7 /* AppDelegate.swift */ = {isa = PBXFileReference; lastKnownFileType = sourcecode.swift; path = AppDelegate.swift; sourceTree = "<group>"; };
		2353B167233C215A008ADEF7 /* ViewController.swift */ = {isa = PBXFileReference; lastKnownFileType = sourcecode.swift; path = ViewController.swift; sourceTree = "<group>"; };
		2353B16A233C215A008ADEF7 /* Base */ = {isa = PBXFileReference; lastKnownFileType = file.storyboard; name = Base; path = Base.lproj/Main.storyboard; sourceTree = "<group>"; };
		2353B16C233C215B008ADEF7 /* Assets.xcassets */ = {isa = PBXFileReference; lastKnownFileType = folder.assetcatalog; path = Assets.xcassets; sourceTree = "<group>"; };
		2353B16F233C215B008ADEF7 /* Base */ = {isa = PBXFileReference; lastKnownFileType = file.storyboard; name = Base; path = Base.lproj/LaunchScreen.storyboard; sourceTree = "<group>"; };
		2353B171233C215B008ADEF7 /* Info.plist */ = {isa = PBXFileReference; lastKnownFileType = text.plist.xml; path = Info.plist; sourceTree = "<group>"; };
		2353B177233C3452008ADEF7 /* Daehan_TableViewController.swift */ = {isa = PBXFileReference; lastKnownFileType = sourcecode.swift; path = Daehan_TableViewController.swift; sourceTree = "<group>"; };
		2353B179233C37CC008ADEF7 /* Daehan_TableViewCell.swift */ = {isa = PBXFileReference; lastKnownFileType = sourcecode.swift; path = Daehan_TableViewCell.swift; sourceTree = "<group>"; };
		23B913A7234E9B4500F07334 /* Daehan_GameModel.swift */ = {isa = PBXFileReference; lastKnownFileType = sourcecode.swift; path = Daehan_GameModel.swift; sourceTree = "<group>"; };
		23B913A9234E9E3900F07334 /* Daehan_GameViewController.swift */ = {isa = PBXFileReference; lastKnownFileType = sourcecode.swift; path = Daehan_GameViewController.swift; sourceTree = "<group>"; };
/* End PBXFileReference section */

/* Begin PBXFrameworksBuildPhase section */
		2353B15F233C215A008ADEF7 /* Frameworks */ = {
			isa = PBXFrameworksBuildPhase;
			buildActionMask = 2147483647;
			files = (
			);
			runOnlyForDeploymentPostprocessing = 0;
		};
/* End PBXFrameworksBuildPhase section */

/* Begin PBXGroup section */
		2353B159233C215A008ADEF7 = {
			isa = PBXGroup;
			children = (
				2353B164233C215A008ADEF7 /* Daehan_Hong_Red_TicTacToe */,
				2353B163233C215A008ADEF7 /* Products */,
			);
			sourceTree = "<group>";
		};
		2353B163233C215A008ADEF7 /* Products */ = {
			isa = PBXGroup;
			children = (
				2353B162233C215A008ADEF7 /* Daehan_Hong_Red_TicTacToe.app */,
			);
			name = Products;
			sourceTree = "<group>";
		};
		2353B164233C215A008ADEF7 /* Daehan_Hong_Red_TicTacToe */ = {
			isa = PBXGroup;
			children = (
				2353B165233C215A008ADEF7 /* AppDelegate.swift */,
				2353B167233C215A008ADEF7 /* ViewController.swift */,
				2353B169233C215A008ADEF7 /* Main.storyboard */,
				2353B16C233C215B008ADEF7 /* Assets.xcassets */,
				2353B16E233C215B008ADEF7 /* LaunchScreen.storyboard */,
				2353B171233C215B008ADEF7 /* Info.plist */,
				2353B177233C3452008ADEF7 /* Daehan_TableViewController.swift */,
				2353B179233C37CC008ADEF7 /* Daehan_TableViewCell.swift */,
				23B913A7234E9B4500F07334 /* Daehan_GameModel.swift */,
				23B913A9234E9E3900F07334 /* Daehan_GameViewController.swift */,
			);
			path = Daehan_Hong_Red_TicTacToe;
			sourceTree = "<group>";
		};
/* End PBXGroup section */

/* Begin PBXNativeTarget section */
		2353B161233C215A008ADEF7 /* Daehan_Hong_Red_TicTacToe */ = {
			isa = PBXNativeTarget;
			buildConfigurationList = 2353B174233C215B008ADEF7 /* Build configuration list for PBXNativeTarget "Daehan_Hong_Red_TicTacToe" */;
			buildPhases = (
				2353B15E233C215A008ADEF7 /* Sources */,
				2353B15F233C215A008ADEF7 /* Frameworks */,
				2353B160233C215A008ADEF7 /* Resources */,
			);
			buildRules = (
			);
			dependencies = (
			);
			name = Daehan_Hong_Red_TicTacToe;
			productName = Daehan_Hong_Red_TicTacToe;
			productReference = 2353B162233C215A008ADEF7 /* Daehan_Hong_Red_TicTacToe.app */;
			productType = "com.apple.product-type.application";
		};
/* End PBXNativeTarget section */

/* Begin PBXProject section */
		2353B15A233C215A008ADEF7 /* Project object */ = {
			isa = PBXProject;
			attributes = {
				LastSwiftUpdateCheck = 1030;
				LastUpgradeCheck = 1030;
				ORGANIZATIONNAME = "Daehan Hong";
				TargetAttributes = {
					2353B161233C215A008ADEF7 = {
						CreatedOnToolsVersion = 10.3;
					};
				};
			};
			buildConfigurationList = 2353B15D233C215A008ADEF7 /* Build configuration list for PBXProject "Daehan_Hong_Red_TicTacToe" */;
			compatibilityVersion = "Xcode 9.3";
			developmentRegion = en;
			hasScannedForEncodings = 0;
			knownRegions = (
				en,
				Base,
			);
			mainGroup = 2353B159233C215A008ADEF7;
			productRefGroup = 2353B163233C215A008ADEF7 /* Products */;
			projectDirPath = "";
			projectRoot = "";
			targets = (
				2353B161233C215A008ADEF7 /* Daehan_Hong_Red_TicTacToe */,
			);
		};
/* End PBXProject section */

/* Begin PBXResourcesBuildPhase section */
		2353B160233C215A008ADEF7 /* Resources */ = {
			isa = PBXResourcesBuildPhase;
			buildActionMask = 2147483647;
			files = (
				2353B170233C215B008ADEF7 /* LaunchScreen.storyboard in Resources */,
				2353B16D233C215B008ADEF7 /* Assets.xcassets in Resources */,
				2353B16B233C215A008ADEF7 /* Main.storyboard in Resources */,
			);
			runOnlyForDeploymentPostprocessing = 0;
		};
/* End PBXResourcesBuildPhase section */

/* Begin PBXSourcesBuildPhase section */
		2353B15E233C215A008ADEF7 /* Sources */ = {
			isa = PBXSourcesBuildPhase;
			buildActionMask = 2147483647;
			files = (
				23B913A8234E9B4500F07334 /* Daehan_GameModel.swift in Sources */,
				23B913AA234E9E3900F07334 /* Daehan_GameViewController.swift in Sources */,
				2353B17A233C37CC008ADEF7 /* Daehan_TableViewCell.swift in Sources */,
				2353B178233C3452008ADEF7 /* Daehan_TableViewController.swift in Sources */,
				2353B168233C215A008ADEF7 /* ViewController.swift in Sources */,
				2353B166233C215A008ADEF7 /* AppDelegate.swift in Sources */,
			);
			runOnlyForDeploymentPostprocessing = 0;
		};
/* End PBXSourcesBuildPhase section */

/* Begin PBXVariantGroup section */
		2353B169233C215A008ADEF7 /* Main.storyboard */ = {
			isa = PBXVariantGroup;
			children = (
				2353B16A233C215A008ADEF7 /* Base */,
			);
			name = Main.storyboard;
			sourceTree = "<group>";
		};
		2353B16E233C215B008ADEF7 /* LaunchScreen.storyboard */ = {
			isa = PBXVariantGroup;
			children = (
				2353B16F233C215B008ADEF7 /* Base */,
			);
			name = LaunchScreen.storyboard;
			sourceTree = "<group>";
		};
/* End PBXVariantGroup section */

/* Begin XCBuildConfiguration section */
		2353B172233C215B008ADEF7 /* Debug */ = {
			isa = XCBuildConfiguration;
			buildSettings = {
				ALWAYS_SEARCH_USER_PATHS = NO;
				CLANG_ANALYZER_NONNULL = YES;
				CLANG_ANALYZER_NUMBER_OBJECT_CONVERSION = YES_AGGRESSIVE;
				CLANG_CXX_LANGUAGE_STANDARD = "gnu++14";
				CLANG_CXX_LIBRARY = "libc++";
				CLANG_ENABLE_MODULES = YES;
				CLANG_ENABLE_OBJC_ARC = YES;
				CLANG_ENABLE_OBJC_WEAK = YES;
				CLANG_WARN_BLOCK_CAPTURE_AUTORELEASING = YES;
				CLANG_WARN_BOOL_CONVERSION = YES;
				CLANG_WARN_COMMA = YES;
				CLANG_WARN_CONSTANT_CONVERSION = YES;
				CLANG_WARN_DEPRECATED_OBJC_IMPLEMENTATIONS = YES;
				CLANG_WARN_DIRECT_OBJC_ISA_USAGE = YES_ERROR;
				CLANG_WARN_DOCUMENTATION_COMMENTS = YES;
				CLANG_WARN_EMPTY_BODY = YES;
				CLANG_WARN_ENUM_CONVERSION = YES;
				CLANG_WARN_INFINITE_RECURSION = YES;
				CLANG_WARN_INT_CONVERSION = YES;
				CLANG_WARN_NON_LITERAL_NULL_CONVERSION = YES;
				CLANG_WARN_OBJC_IMPLICIT_RETAIN_SELF = YES;
				CLANG_WARN_OBJC_LITERAL_CONVERSION = YES;
				CLANG_WARN_OBJC_ROOT_CLASS = YES_ERROR;
				CLANG_WARN_RANGE_LOOP_ANALYSIS = YES;
				CLANG_WARN_STRICT_PROTOTYPES = YES;
				CLANG_WARN_SUSPICIOUS_MOVE = YES;
				CLANG_WARN_UNGUARDED_AVAILABILITY = YES_AGGRESSIVE;
				CLANG_WARN_UNREACHABLE_CODE = YES;
				CLANG_WARN__DUPLICATE_METHOD_MATCH = YES;
				CODE_SIGN_IDENTITY = "iPhone Developer";
				COPY_PHASE_STRIP = NO;
				DEBUG_INFORMATION_FORMAT = dwarf;
				ENABLE_STRICT_OBJC_MSGSEND = YES;
				ENABLE_TESTABILITY = YES;
				GCC_C_LANGUAGE_STANDARD = gnu11;
				GCC_DYNAMIC_NO_PIC = NO;
				GCC_NO_COMMON_BLOCKS = YES;
				GCC_OPTIMIZATION_LEVEL = 0;
				GCC_PREPROCESSOR_DEFINITIONS = (
					"DEBUG=1",
					"$(inherited)",
				);
				GCC_WARN_64_TO_32_BIT_CONVERSION = YES;
				GCC_WARN_ABOUT_RETURN_TYPE = YES_ERROR;
				GCC_WARN_UNDECLARED_SELECTOR = YES;
				GCC_WARN_UNINITIALIZED_AUTOS = YES_AGGRESSIVE;
				GCC_WARN_UNUSED_FUNCTION = YES;
				GCC_WARN_UNUSED_VARIABLE = YES;
				IPHONEOS_DEPLOYMENT_TARGET = 12.4;
				MTL_ENABLE_DEBUG_INFO = INCLUDE_SOURCE;
				MTL_FAST_MATH = YES;
				ONLY_ACTIVE_ARCH = YES;
				SDKROOT = iphoneos;
				SWIFT_ACTIVE_COMPILATION_CONDITIONS = DEBUG;
				SWIFT_OPTIMIZATION_LEVEL = "-Onone";
			};
			name = Debug;
		};
		2353B173233C215B008ADEF7 /* Release */ = {
			isa = XCBuildConfiguration;
			buildSettings = {
				ALWAYS_SEARCH_USER_PATHS = NO;
				CLANG_ANALYZER_NONNULL = YES;
				CLANG_ANALYZER_NUMBER_OBJECT_CONVERSION = YES_AGGRESSIVE;
				CLANG_CXX_LANGUAGE_STANDARD = "gnu++14";
				CLANG_CXX_LIBRARY = "libc++";
				CLANG_ENABLE_MODULES = YES;
				CLANG_ENABLE_OBJC_ARC = YES;
				CLANG_ENABLE_OBJC_WEAK = YES;
				CLANG_WARN_BLOCK_CAPTURE_AUTORELEASING = YES;
				CLANG_WARN_BOOL_CONVERSION = YES;
				CLANG_WARN_COMMA = YES;
				CLANG_WARN_CONSTANT_CONVERSION = YES;
				CLANG_WARN_DEPRECATED_OBJC_IMPLEMENTATIONS = YES;
				CLANG_WARN_DIRECT_OBJC_ISA_USAGE = YES_ERROR;
				CLANG_WARN_DOCUMENTATION_COMMENTS = YES;
				CLANG_WARN_EMPTY_BODY = YES;
				CLANG_WARN_ENUM_CONVERSION = YES;
				CLANG_WARN_INFINITE_RECURSION = YES;
				CLANG_WARN_INT_CONVERSION = YES;
				CLANG_WARN_NON_LITERAL_NULL_CONVERSION = YES;
				CLANG_WARN_OBJC_IMPLICIT_RETAIN_SELF = YES;
				CLANG_WARN_OBJC_LITERAL_CONVERSION = YES;
				CLANG_WARN_OBJC_ROOT_CLASS = YES_ERROR;
				CLANG_WARN_RANGE_LOOP_ANALYSIS = YES;
				CLANG_WARN_STRICT_PROTOTYPES = YES;
				CLANG_WARN_SUSPICIOUS_MOVE = YES;
				CLANG_WARN_UNGUARDED_AVAILABILITY = YES_AGGRESSIVE;
				CLANG_WARN_UNREACHABLE_CODE = YES;
				CLANG_WARN__DUPLICATE_METHOD_MATCH = YES;
				CODE_SIGN_IDENTITY = "iPhone Developer";
				COPY_PHASE_STRIP = NO;
				DEBUG_INFORMATION_FORMAT = "dwarf-with-dsym";
				ENABLE_NS_ASSERTIONS = NO;
				ENABLE_STRICT_OBJC_MSGSEND = YES;
				GCC_C_LANGUAGE_STANDARD = gnu11;
				GCC_NO_COMMON_BLOCKS = YES;
				GCC_WARN_64_TO_32_BIT_CONVERSION = YES;
				GCC_WARN_ABOUT_RETURN_TYPE = YES_ERROR;
				GCC_WARN_UNDECLARED_SELECTOR = YES;
				GCC_WARN_UNINITIALIZED_AUTOS = YES_AGGRESSIVE;
				GCC_WARN_UNUSED_FUNCTION = YES;
				GCC_WARN_UNUSED_VARIABLE = YES;
				IPHONEOS_DEPLOYMENT_TARGET = 12.4;
				MTL_ENABLE_DEBUG_INFO = NO;
				MTL_FAST_MATH = YES;
				SDKROOT = iphoneos;
				SWIFT_COMPILATION_MODE = wholemodule;
				SWIFT_OPTIMIZATION_LEVEL = "-O";
				VALIDATE_PRODUCT = YES;
			};
			name = Release;
		};
		2353B175233C215B008ADEF7 /* Debug */ = {
			isa = XCBuildConfiguration;
			buildSettings = {
				ASSETCATALOG_COMPILER_APPICON_NAME = AppIcon;
				CODE_SIGN_STYLE = Automatic;
				INFOPLIST_FILE = Daehan_Hong_Red_TicTacToe/Info.plist;
				LD_RUNPATH_SEARCH_PATHS = (
					"$(inherited)",
					"@executable_path/Frameworks",
				);
				PRODUCT_BUNDLE_IDENTIFIER = "dh.Daehan-Hong-Red-TicTacToe";
				PRODUCT_NAME = "$(TARGET_NAME)";
				SWIFT_VERSION = 5.0;
				TARGETED_DEVICE_FAMILY = "1,2";
			};
			name = Debug;
		};
		2353B176233C215B008ADEF7 /* Release */ = {
			isa = XCBuildConfiguration;
			buildSettings = {
				ASSETCATALOG_COMPILER_APPICON_NAME = AppIcon;
				CODE_SIGN_STYLE = Automatic;
				INFOPLIST_FILE = Daehan_Hong_Red_TicTacToe/Info.plist;
				LD_RUNPATH_SEARCH_PATHS = (
					"$(inherited)",
					"@executable_path/Frameworks",
				);
				PRODUCT_BUNDLE_IDENTIFIER = "dh.Daehan-Hong-Red-TicTacToe";
				PRODUCT_NAME = "$(TARGET_NAME)";
				SWIFT_VERSION = 5.0;
				TARGETED_DEVICE_FAMILY = "1,2";
			};
			name = Release;
		};
/* End XCBuildConfiguration section */

/* Begin XCConfigurationList section */
		2353B15D233C215A008ADEF7 /* Build configuration list for PBXProject "Daehan_Hong_Red_TicTacToe" */ = {
			isa = XCConfigurationList;
			buildConfigurations = (
				2353B172233C215B008ADEF7 /* Debug */,
				2353B173233C215B008ADEF7 /* Release */,
			);
			defaultConfigurationIsVisible = 0;
			defaultConfigurationName = Release;
		};
		2353B174233C215B008ADEF7 /* Build configuration list for PBXNativeTarget "Daehan_Hong_Red_TicTacToe" */ = {
			isa = XCConfigurationList;
			buildConfigurations = (
				2353B175233C215B008ADEF7 /* Debug */,
				2353B176233C215B008ADEF7 /* Release */,
			);
			defaultConfigurationIsVisible = 0;
			defaultConfigurationName = Release;
		};
/* End XCConfigurationList section */
	};
	rootObject = 2353B15A233C215A008ADEF7 /* Project object */;
}
